// !$*UTF8*$!
{
	archiveVersion = 1;
	classes = {
	};
	objectVersion = 51;
	objects = {

/* Begin PBXBuildFile section */
		7DFB105BF3CE0D4163E34406 /* GitHubExampleAppDelegate.swift in Sources */ = {isa = PBXBuildFile; fileRef = D5E6CFA29C52610E2B9A3E8F /* GitHubExampleAppDelegate.swift */; };
		802208D75C5F4AA229D153EA /* Main.storyboard in Resources */ = {isa = PBXBuildFile; fileRef = 65E1DD8BD2E383FF35ED9D40 /* Main.storyboard */; };
		A708829CF2FD15A9EFEE5933 /* Assets.xcassets in Resources */ = {isa = PBXBuildFile; fileRef = EC4FF90E87E232FDC7BDBCBC /* Assets.xcassets */; };
		A8E76AE31823459D5CCD955F /* LaunchScreen.storyboard in Resources */ = {isa = PBXBuildFile; fileRef = F195401065F16DE4BD52F370 /* LaunchScreen.storyboard */; };
/* End PBXBuildFile section */

/* Begin PBXFileReference section */
		1DE068A8349DADC1A20592B7 /* GitHubExample.app */ = {isa = PBXFileReference; includeInIndex = 0; lastKnownFileType = wrapper.application; path = GitHubExample.app; sourceTree = BUILT_PRODUCTS_DIR; };
		286CAAC02D95FCD42642BFBB /* Info.plist */ = {isa = PBXFileReference; lastKnownFileType = text.plist.xml; path = Info.plist; sourceTree = "<group>"; };
		5659F7C4B4304E2E96B4AAD1 /* Base */ = {isa = PBXFileReference; lastKnownFileType = file.storyboard; name = Base; path = Base.lproj/LaunchScreen.storyboard; sourceTree = "<group>"; };
		65E1DD8BD2E383FF35ED9D40 /* Main.storyboard */ = {isa = PBXFileReference; lastKnownFileType = file.storyboard; path = Main.storyboard; sourceTree = "<group>"; };
		D5E6CFA29C52610E2B9A3E8F /* GitHubExampleAppDelegate.swift */ = {isa = PBXFileReference; lastKnownFileType = sourcecode.swift; path = GitHubExampleAppDelegate.swift; sourceTree = "<group>"; };
		EC4FF90E87E232FDC7BDBCBC /* Assets.xcassets */ = {isa = PBXFileReference; lastKnownFileType = folder.assetcatalog; path = Assets.xcassets; sourceTree = "<group>"; };
/* End PBXFileReference section */

/* Begin PBXGroup section */
		2A732DF170BF68C2ACD5675D /* Assets */ = {
			isa = PBXGroup;
			children = (
				EC4FF90E87E232FDC7BDBCBC /* Assets.xcassets */,
				F195401065F16DE4BD52F370 /* LaunchScreen.storyboard */,
				65E1DD8BD2E383FF35ED9D40 /* Main.storyboard */,
			);
			path = Assets;
			sourceTree = "<group>";
		};
		4101BA9B6852BC0FE7F62CE6 /* Products */ = {
			isa = PBXGroup;
			children = (
				1DE068A8349DADC1A20592B7 /* GitHubExample.app */,
			);
			name = Products;
			sourceTree = "<group>";
		};
		641D4CF5D820E5C938A9ADA9 /* GitHubExample */ = {
			isa = PBXGroup;
			children = (
				72C145C374C347C03C1A1FFE /* App */,
				2A732DF170BF68C2ACD5675D /* Assets */,
				FCBDC27E814F4463BC98F96A /* Common */,
				EF23BFEDB5AC8E8CC5225D51 /* Controller */,
				E75CB16D1CAB79DEA34A6155 /* Model */,
			);
			path = GitHubExample;
			sourceTree = "<group>";
		};
		72C145C374C347C03C1A1FFE /* App */ = {
			isa = PBXGroup;
			children = (
				D5E6CFA29C52610E2B9A3E8F /* GitHubExampleAppDelegate.swift */,
				286CAAC02D95FCD42642BFBB /* Info.plist */,
			);
			path = App;
			sourceTree = "<group>";
		};
		8C0D3020BF553D7F659BDB52 = {
			isa = PBXGroup;
			children = (
				641D4CF5D820E5C938A9ADA9 /* GitHubExample */,
				4101BA9B6852BC0FE7F62CE6 /* Products */,
			);
			sourceTree = "<group>";
		};
		E75CB16D1CAB79DEA34A6155 /* Model */ = {
			isa = PBXGroup;
			children = (
			);
			path = Model;
			sourceTree = "<group>";
		};
		EF23BFEDB5AC8E8CC5225D51 /* Controller */ = {
			isa = PBXGroup;
			children = (
			);
			path = Controller;
			sourceTree = "<group>";
		};
		FCBDC27E814F4463BC98F96A /* Common */ = {
			isa = PBXGroup;
			children = (
			);
			path = Common;
			sourceTree = "<group>";
		};
/* End PBXGroup section */

/* Begin PBXNativeTarget section */
		F8A474FF99AED0303499E56E /* GitHubExample */ = {
			isa = PBXNativeTarget;
			buildConfigurationList = BD0CF2FDEA99912E6948E229 /* Build configuration list for PBXNativeTarget "GitHubExample" */;
			buildPhases = (
				FFF5276E434013BEAB268539 /* Sources */,
				039B8AA8C83935F041D8ED26 /* Resources */,
			);
			buildRules = (
			);
			dependencies = (
			);
			name = GitHubExample;
			productName = GitHubExample;
			productReference = 1DE068A8349DADC1A20592B7 /* GitHubExample.app */;
			productType = "com.apple.product-type.application";
		};
/* End PBXNativeTarget section */

/* Begin PBXProject section */
		FFA1E44D6135B5EF0E040410 /* Project object */ = {
			isa = PBXProject;
			attributes = {
				LastUpgradeCheck = 1020;
			};
			buildConfigurationList = 7C5CDEFD600678593FE8719E /* Build configuration list for PBXProject "GitHubExample" */;
			compatibilityVersion = "Xcode 10.0";
			developmentRegion = en;
			hasScannedForEncodings = 0;
			knownRegions = (
				Base,
			);
			mainGroup = 8C0D3020BF553D7F659BDB52;
			projectDirPath = "";
			projectRoot = "";
			targets = (
				F8A474FF99AED0303499E56E /* GitHubExample */,
			);
		};
/* End PBXProject section */

/* Begin PBXResourcesBuildPhase section */
		039B8AA8C83935F041D8ED26 /* Resources */ = {
			isa = PBXResourcesBuildPhase;
			buildActionMask = 2147483647;
			files = (
				A708829CF2FD15A9EFEE5933 /* Assets.xcassets in Resources */,
				A8E76AE31823459D5CCD955F /* LaunchScreen.storyboard in Resources */,
				802208D75C5F4AA229D153EA /* Main.storyboard in Resources */,
			);
			runOnlyForDeploymentPostprocessing = 0;
		};
/* End PBXResourcesBuildPhase section */

/* Begin PBXSourcesBuildPhase section */
		FFF5276E434013BEAB268539 /* Sources */ = {
			isa = PBXSourcesBuildPhase;
			buildActionMask = 2147483647;
			files = (
				7DFB105BF3CE0D4163E34406 /* GitHubExampleAppDelegate.swift in Sources */,
			);
			runOnlyForDeploymentPostprocessing = 0;
		};
/* End PBXSourcesBuildPhase section */

/* Begin PBXVariantGroup section */
		F195401065F16DE4BD52F370 /* LaunchScreen.storyboard */ = {
			isa = PBXVariantGroup;
			children = (
				5659F7C4B4304E2E96B4AAD1 /* Base */,
			);
			name = LaunchScreen.storyboard;
			sourceTree = "<group>";
		};
/* End PBXVariantGroup section */

/* Begin XCBuildConfiguration section */
		0213DAC1750710A6CE9059B6 /* Debug */ = {
			isa = XCBuildConfiguration;
			buildSettings = {
				ASSETCATALOG_COMPILER_APPICON_NAME = AppIcon;
				CODE_SIGN_IDENTITY = "iPhone Developer";
				INFOPLIST_FILE = GitHubExample/App/Info.plist;
				LD_RUNPATH_SEARCH_PATHS = "$(inherited) @executable_path/Frameworks";
				PRODUCT_BUNDLE_IDENTIFIER = com.example.GitHubExample;
				SDKROOT = iphoneos;
				SWIFT_VERSION = 5.0;
				TARGETED_DEVICE_FAMILY = "1,2";
			};
			name = Debug;
		};
		6A40D4A83ED874EB522F0693 /* Release */ = {
			isa = XCBuildConfiguration;
			buildSettings = {
				ASSETCATALOG_COMPILER_APPICON_NAME = AppIcon;
				CODE_SIGN_IDENTITY = "iPhone Developer";
				INFOPLIST_FILE = GitHubExample/App/Info.plist;
				LD_RUNPATH_SEARCH_PATHS = "$(inherited) @executable_path/Frameworks";
				PRODUCT_BUNDLE_IDENTIFIER = com.example.GitHubExample;
				SDKROOT = iphoneos;
				SWIFT_VERSION = 5.0;
				TARGETED_DEVICE_FAMILY = "1,2";
			};
			name = Release;
		};
		7E085BD6D45F17CA9FDDE700 /* Release */ = {
			isa = XCBuildConfiguration;
			buildSettings = {
				ALWAYS_SEARCH_USER_PATHS = NO;
				CLANG_ANALYZER_NONNULL = YES;
				CLANG_ANALYZER_NUMBER_OBJECT_CONVERSION = YES_AGGRESSIVE;
				CLANG_CXX_LANGUAGE_STANDARD = "gnu++14";
				CLANG_CXX_LIBRARY = "libc++";
				CLANG_ENABLE_MODULES = YES;
				CLANG_ENABLE_OBJC_ARC = YES;
				CLANG_WARN_BLOCK_CAPTURE_AUTORELEASING = YES;
				CLANG_WARN_BOOL_CONVERSION = YES;
				CLANG_WARN_COMMA = YES;
				CLANG_WARN_CONSTANT_CONVERSION = YES;
				CLANG_WARN_DEPRECATED_OBJC_IMPLEMENTATIONS = YES;
				CLANG_WARN_DIRECT_OBJC_ISA_USAGE = YES_ERROR;
				CLANG_WARN_DOCUMENTATION_COMMENTS = YES;
				CLANG_WARN_EMPTY_BODY = YES;
				CLANG_WARN_ENUM_CONVERSION = YES;
				CLANG_WARN_INFINITE_RECURSION = YES;
				CLANG_WARN_INT_CONVERSION = YES;
				CLANG_WARN_NON_LITERAL_NULL_CONVERSION = YES;
				CLANG_WARN_OBJC_IMPLICIT_RETAIN_SELF = YES;
				CLANG_WARN_OBJC_LITERAL_CONVERSION = YES;
				CLANG_WARN_OBJC_ROOT_CLASS = YES_ERROR;
				CLANG_WARN_RANGE_LOOP_ANALYSIS = YES;
				CLANG_WARN_STRICT_PROTOTYPES = YES;
				CLANG_WARN_SUSPICIOUS_MOVE = YES;
				CLANG_WARN_UNGUARDED_AVAILABILITY = YES_AGGRESSIVE;
				CLANG_WARN_UNREACHABLE_CODE = YES;
				CLANG_WARN__DUPLICATE_METHOD_MATCH = YES;
				COPY_PHASE_STRIP = NO;
				DEBUG_INFORMATION_FORMAT = "dwarf-with-dsym";
				ENABLE_NS_ASSERTIONS = NO;
				ENABLE_STRICT_OBJC_MSGSEND = YES;
				GCC_C_LANGUAGE_STANDARD = gnu11;
				GCC_NO_COMMON_BLOCKS = YES;
				GCC_WARN_64_TO_32_BIT_CONVERSION = YES;
				GCC_WARN_ABOUT_RETURN_TYPE = YES_ERROR;
				GCC_WARN_UNDECLARED_SELECTOR = YES;
				GCC_WARN_UNINITIALIZED_AUTOS = YES_AGGRESSIVE;
				GCC_WARN_UNUSED_FUNCTION = YES;
				GCC_WARN_UNUSED_VARIABLE = YES;
				IPHONEOS_DEPLOYMENT_TARGET = 10.0;
				PRODUCT_NAME = "$(TARGET_NAME)";
				SDKROOT = iphoneos;
				SWIFT_COMPILATION_MODE = wholemodule;
				SWIFT_VERSION = 5.0;
				VALIDATE_PRODUCT = YES;
			};
			name = Release;
		};
		D064EC68EE6BC911DE01BB55 /* Debug */ = {
			isa = XCBuildConfiguration;
			buildSettings = {
				ALWAYS_SEARCH_USER_PATHS = NO;
				CLANG_ANALYZER_NONNULL = YES;
				CLANG_ANALYZER_NUMBER_OBJECT_CONVERSION = YES_AGGRESSIVE;
				CLANG_CXX_LANGUAGE_STANDARD = "gnu++14";
				CLANG_CXX_LIBRARY = "libc++";
				CLANG_ENABLE_MODULES = YES;
				CLANG_ENABLE_OBJC_ARC = YES;
				CLANG_WARN_BLOCK_CAPTURE_AUTORELEASING = YES;
				CLANG_WARN_BOOL_CONVERSION = YES;
				CLANG_WARN_COMMA = YES;
				CLANG_WARN_CONSTANT_CONVERSION = YES;
				CLANG_WARN_DEPRECATED_OBJC_IMPLEMENTATIONS = YES;
				CLANG_WARN_DIRECT_OBJC_ISA_USAGE = YES_ERROR;
				CLANG_WARN_DOCUMENTATION_COMMENTS = YES;
				CLANG_WARN_EMPTY_BODY = YES;
				CLANG_WARN_ENUM_CONVERSION = YES;
				CLANG_WARN_INFINITE_RECURSION = YES;
				CLANG_WARN_INT_CONVERSION = YES;
				CLANG_WARN_NON_LITERAL_NULL_CONVERSION = YES;
				CLANG_WARN_OBJC_IMPLICIT_RETAIN_SELF = YES;
				CLANG_WARN_OBJC_LITERAL_CONVERSION = YES;
				CLANG_WARN_OBJC_ROOT_CLASS = YES_ERROR;
				CLANG_WARN_RANGE_LOOP_ANALYSIS = YES;
				CLANG_WARN_STRICT_PROTOTYPES = YES;
				CLANG_WARN_SUSPICIOUS_MOVE = YES;
				CLANG_WARN_UNGUARDED_AVAILABILITY = YES_AGGRESSIVE;
				CLANG_WARN_UNREACHABLE_CODE = YES;
				CLANG_WARN__DUPLICATE_METHOD_MATCH = YES;
				COPY_PHASE_STRIP = NO;
				DEBUG_INFORMATION_FORMAT = dwarf;
				ENABLE_STRICT_OBJC_MSGSEND = YES;
				ENABLE_TESTABILITY = YES;
				GCC_C_LANGUAGE_STANDARD = gnu11;
				GCC_DYNAMIC_NO_PIC = NO;
				GCC_NO_COMMON_BLOCKS = YES;
				GCC_OPTIMIZATION_LEVEL = 0;
				GCC_PREPROCESSOR_DEFINITIONS = (
					"$(inherited)",
					"DEBUG=1",
				);
				GCC_WARN_64_TO_32_BIT_CONVERSION = YES;
				GCC_WARN_ABOUT_RETURN_TYPE = YES_ERROR;
				GCC_WARN_UNDECLARED_SELECTOR = YES;
				GCC_WARN_UNINITIALIZED_AUTOS = YES_AGGRESSIVE;
				GCC_WARN_UNUSED_FUNCTION = YES;
				GCC_WARN_UNUSED_VARIABLE = YES;
				IPHONEOS_DEPLOYMENT_TARGET = 10.0;
				MTL_ENABLE_DEBUG_INFO = YES;
				ONLY_ACTIVE_ARCH = YES;
				PRODUCT_NAME = "$(TARGET_NAME)";
				SDKROOT = iphoneos;
				SWIFT_ACTIVE_COMPILATION_CONDITIONS = DEBUG;
				SWIFT_OPTIMIZATION_LEVEL = "-Onone";
				SWIFT_VERSION = 5.0;
			};
			name = Debug;
		};
/* End XCBuildConfiguration section */

/* Begin XCConfigurationList section */
		7C5CDEFD600678593FE8719E /* Build configuration list for PBXProject "GitHubExample" */ = {
			isa = XCConfigurationList;
			buildConfigurations = (
				D064EC68EE6BC911DE01BB55 /* Debug */,
				7E085BD6D45F17CA9FDDE700 /* Release */,
			);
			defaultConfigurationIsVisible = 0;
			defaultConfigurationName = Debug;
		};
		BD0CF2FDEA99912E6948E229 /* Build configuration list for PBXNativeTarget "GitHubExample" */ = {
			isa = XCConfigurationList;
			buildConfigurations = (
				0213DAC1750710A6CE9059B6 /* Debug */,
				6A40D4A83ED874EB522F0693 /* Release */,
			);
			defaultConfigurationIsVisible = 0;
			defaultConfigurationName = "";
		};
/* End XCConfigurationList section */
	};
	rootObject = FFA1E44D6135B5EF0E040410 /* Project object */;
}
